
Microsoft Visual Studio Solution File, Format Version 12.00
# Visual Studio Version 17
VisualStudioVersion = 17.11.35222.181
MinimumVisualStudioVersion = 10.0.40219.1
Project("{FAE04EC0-301F-11D3-BF4B-00C04F79EFBC}") = "sqltest", "sqltest.csproj", "{0DB38ED8-7F18-4413-BDAB-1D6327CB2790}"
EndProject
Project("{FAE04EC0-301F-11D3-BF4B-00C04F79EFBC}") = "DataAccess", "..\DataAccess\DataAccess.csproj", "{DEFE6999-B07B-430E-991D-8901BAE9DBAE}"
EndProject
Global
	GlobalSection(SolutionConfigurationPlatforms) = preSolution
		Debug|Any CPU = Debug|Any CPU
		Release|Any CPU = Release|Any CPU
	EndGlobalSection
	GlobalSection(ProjectConfigurationPlatforms) = postSolution
		{0DB38ED8-7F18-4413-BDAB-1D6327CB2790}.Debug|Any CPU.ActiveCfg = Debug|Any CPU
		{0DB38ED8-7F18-4413-BDAB-1D6327CB2790}.Debug|Any CPU.Build.0 = Debug|Any CPU
		{0DB38ED8-7F18-4413-BDAB-1D6327CB2790}.Release|Any CPU.ActiveCfg = Release|Any CPU
		{0DB38ED8-7F18-4413-BDAB-1D6327CB2790}.Release|Any CPU.Build.0 = Release|Any CPU
		{DEFE6999-B07B-430E-991D-8901BAE9DBAE}.Debug|Any CPU.ActiveCfg = Debug|Any CPU
		{DEFE6999-B07B-430E-991D-8901BAE9DBAE}.Debug|Any CPU.Build.0 = Debug|Any CPU
		{DEFE6999-B07B-430E-991D-8901BAE9DBAE}.Release|Any CPU.ActiveCfg = Release|Any CPU
		{DEFE6999-B07B-430E-991D-8901BAE9DBAE}.Release|Any CPU.Build.0 = Release|Any CPU
	EndGlobalSection
	GlobalSection(SolutionProperties) = preSolution
		HideSolutionNode = FALSE
	EndGlobalSection
	GlobalSection(ExtensibilityGlobals) = postSolution
		SolutionGuid = {212D3B5F-46C7-4E4F-8D8E-32039FB1B2CF}
	EndGlobalSection
EndGlobal
